
Microsoft Visual Studio Solution File, Format Version 12.00
# Visual Studio Version 17
VisualStudioVersion = 17.8.34330.188
MinimumVisualStudioVersion = 10.0.40219.1
Project("{2150E333-8FDC-42A3-9474-1A3956D46DE8}") = "src", "src", "{1C539076-FC83-4B1A-8E87-57B1738998F4}"
EndProject
Project("{2150E333-8FDC-42A3-9474-1A3956D46DE8}") = "Core", "Core", "{47090013-4876-4D53-B8F4-270007149253}"
EndProject
Project("{2150E333-8FDC-42A3-9474-1A3956D46DE8}") = "Infrastructure", "Infrastructure", "{5922A159-16FD-4EB8-90EF-B85C9AABC254}"
EndProject
Project("{2150E333-8FDC-42A3-9474-1A3956D46DE8}") = "Presentation", "Presentation", "{C0C354AB-4FB8-44DA-B317-ECD32F1BB4B4}"
EndProject
Project("{9A19103F-16F7-4668-BE54-9A1E7A4F7556}") = "TK_Project.Application", "src\Core\TK_Project.Application\TK_Project.Application.csproj", "{BE0BF02C-77B7-47CB-B54D-9A50D6A81905}"
EndProject
Project("{9A19103F-16F7-4668-BE54-9A1E7A4F7556}") = "TK_Project.Domain", "src\Core\TK_Project.Domain\TK_Project.Domain.csproj", "{13574C47-90E4-42CD-A5E6-A804899A40B2}"
EndProject
Project("{9A19103F-16F7-4668-BE54-9A1E7A4F7556}") = "TK_Project.Infrastructure", "src\Infrastructure\TK_Project.Infrastructure\TK_Project.Infrastructure.csproj", "{D54BD17E-1D01-400A-8A84-058AEDA5876C}"
EndProject
Project("{9A19103F-16F7-4668-BE54-9A1E7A4F7556}") = "TK_Project.Persistance", "src\Infrastructure\TK_Project.Persistance\TK_Project.Persistance.csproj", "{828D1DA7-43F5-47F0-991D-5E54F9E58578}"
EndProject
Project("{9A19103F-16F7-4668-BE54-9A1E7A4F7556}") = "TK_Project.WebUI", "src\Presentation\TK_Project.WebUI\TK_Project.WebUI.csproj", "{2A984E3F-1F9C-45A0-AD4E-9A30DB69DEC7}"
EndProject
Project("{2150E333-8FDC-42A3-9474-1A3956D46DE8}") = "Services", "Services", "{366CDC7D-B319-46CB-9C20-22DFCD003FB7}"
EndProject
Project("{2150E333-8FDC-42A3-9474-1A3956D46DE8}") = "AuthService", "AuthService", "{94E09C4F-7A2F-4DDE-B555-9B75CACBB72D}"
EndProject
Project("{9A19103F-16F7-4668-BE54-9A1E7A4F7556}") = "TK_Project.Auth", "src\Presentation\Services\AuthService\TK_Project.Auth\TK_Project.Auth.csproj", "{642AB9D5-BEF4-4F86-A099-2F9AEEDAB862}"
EndProject
Project("{2150E333-8FDC-42A3-9474-1A3956D46DE8}") = "CategoryService", "CategoryService", "{A1AD8EC2-F652-4025-98AC-6AE5EF3908BD}"
EndProject
Project("{9A19103F-16F7-4668-BE54-9A1E7A4F7556}") = "TK_Project.Category", "src\Presentation\Services\CategoryService\TK_Project.Category\TK_Project.Category.csproj", "{19384479-B39D-46AC-BD28-9E1C4E673761}"
EndProject
Project("{2150E333-8FDC-42A3-9474-1A3956D46DE8}") = "MailService", "MailService", "{CD6229F2-30C5-45F6-A029-F316992EED81}"
EndProject
Project("{2150E333-8FDC-42A3-9474-1A3956D46DE8}") = "OrderService", "OrderService", "{978BEFD7-BD8A-434D-A9F7-4EDBB08739DC}"
EndProject
Project("{9A19103F-16F7-4668-BE54-9A1E7A4F7556}") = "TK_Project.Order", "src\Presentation\Services\OrderService\TK_Project.Order\TK_Project.Order.csproj", "{EA60A88B-0BD2-4288-86FF-717CF7119A7A}"
EndProject
Project("{9A19103F-16F7-4668-BE54-9A1E7A4F7556}") = "TK_Project.Mail", "src\Presentation\Services\MailService\TK_Project.Mail\TK_Project.Mail.csproj", "{69950212-69EC-412E-8850-ABE2BC6AF156}"
EndProject
Project("{2150E333-8FDC-42A3-9474-1A3956D46DE8}") = "ProductService", "ProductService", "{B8DE68EB-6969-4D13-B2E7-9A2459FD6037}"
EndProject
Project("{9A19103F-16F7-4668-BE54-9A1E7A4F7556}") = "TK_Project.Product", "src\Presentation\Services\ProductService\TK_Project.Product\TK_Project.Product.csproj", "{70BAE966-65CC-4964-AF42-FDD849DA45A0}"
EndProject
Project("{2150E333-8FDC-42A3-9474-1A3956D46DE8}") = "RoleService", "RoleService", "{632C8475-CE1B-412E-8BB6-9DFAB76D73F9}"
EndProject
Project("{9A19103F-16F7-4668-BE54-9A1E7A4F7556}") = "TK_Project.Role", "src\Presentation\Services\RoleService\TK_Project.Role\TK_Project.Role.csproj", "{20010D4F-A866-443A-8C6F-8CBC4AAD2184}"
EndProject
Project("{2150E333-8FDC-42A3-9474-1A3956D46DE8}") = "UserService", "UserService", "{7EAC8759-5B7E-4624-9149-46D37B804158}"
EndProject
Project("{9A19103F-16F7-4668-BE54-9A1E7A4F7556}") = "TK_Project.User", "src\Presentation\Services\UserService\TK_Project.User\TK_Project.User.csproj", "{D97983AA-BB49-416A-8CB6-F285A80F0EDA}"
EndProject
Project("{2150E333-8FDC-42A3-9474-1A3956D46DE8}") = "ApiGateway", "ApiGateway", "{8898E24E-CFA8-4EE8-B10E-A90E910327F0}"
EndProject
Project("{9A19103F-16F7-4668-BE54-9A1E7A4F7556}") = "TK_Project.ApiGateway", "src\Presentation\ApiGateway\TK_Project.ApiGateway\TK_Project.ApiGateway.csproj", "{FF06DA39-FC08-4A77-9151-49650BAD072E}"
EndProject
Project("{FAE04EC0-301F-11D3-BF4B-00C04F79EFBC}") = "TK_Project.Tests", "src\Core\TK_Project.Tests\TK_Project.Tests.csproj", "{ACD83E12-B9F2-4F98-BBBD-BB7FB5A77823}"
EndProject
Global
	GlobalSection(SolutionConfigurationPlatforms) = preSolution
		Debug|Any CPU = Debug|Any CPU
		Release|Any CPU = Release|Any CPU
	EndGlobalSection
	GlobalSection(ProjectConfigurationPlatforms) = postSolution
		{BE0BF02C-77B7-47CB-B54D-9A50D6A81905}.Debug|Any CPU.ActiveCfg = Debug|Any CPU
		{BE0BF02C-77B7-47CB-B54D-9A50D6A81905}.Debug|Any CPU.Build.0 = Debug|Any CPU
		{BE0BF02C-77B7-47CB-B54D-9A50D6A81905}.Release|Any CPU.ActiveCfg = Release|Any CPU
		{BE0BF02C-77B7-47CB-B54D-9A50D6A81905}.Release|Any CPU.Build.0 = Release|Any CPU
		{13574C47-90E4-42CD-A5E6-A804899A40B2}.Debug|Any CPU.ActiveCfg = Debug|Any CPU
		{13574C47-90E4-42CD-A5E6-A804899A40B2}.Debug|Any CPU.Build.0 = Debug|Any CPU
		{13574C47-90E4-42CD-A5E6-A804899A40B2}.Release|Any CPU.ActiveCfg = Release|Any CPU
		{13574C47-90E4-42CD-A5E6-A804899A40B2}.Release|Any CPU.Build.0 = Release|Any CPU
		{D54BD17E-1D01-400A-8A84-058AEDA5876C}.Debug|Any CPU.ActiveCfg = Debug|Any CPU
		{D54BD17E-1D01-400A-8A84-058AEDA5876C}.Debug|Any CPU.Build.0 = Debug|Any CPU
		{D54BD17E-1D01-400A-8A84-058AEDA5876C}.Release|Any CPU.ActiveCfg = Release|Any CPU
		{D54BD17E-1D01-400A-8A84-058AEDA5876C}.Release|Any CPU.Build.0 = Release|Any CPU
		{828D1DA7-43F5-47F0-991D-5E54F9E58578}.Debug|Any CPU.ActiveCfg = Debug|Any CPU
		{828D1DA7-43F5-47F0-991D-5E54F9E58578}.Debug|Any CPU.Build.0 = Debug|Any CPU
		{828D1DA7-43F5-47F0-991D-5E54F9E58578}.Release|Any CPU.ActiveCfg = Release|Any CPU
		{828D1DA7-43F5-47F0-991D-5E54F9E58578}.Release|Any CPU.Build.0 = Release|Any CPU
		{2A984E3F-1F9C-45A0-AD4E-9A30DB69DEC7}.Debug|Any CPU.ActiveCfg = Debug|Any CPU
		{2A984E3F-1F9C-45A0-AD4E-9A30DB69DEC7}.Debug|Any CPU.Build.0 = Debug|Any CPU
		{2A984E3F-1F9C-45A0-AD4E-9A30DB69DEC7}.Release|Any CPU.ActiveCfg = Release|Any CPU
		{2A984E3F-1F9C-45A0-AD4E-9A30DB69DEC7}.Release|Any CPU.Build.0 = Release|Any CPU
		{642AB9D5-BEF4-4F86-A099-2F9AEEDAB862}.Debug|Any CPU.ActiveCfg = Debug|Any CPU
		{642AB9D5-BEF4-4F86-A099-2F9AEEDAB862}.Debug|Any CPU.Build.0 = Debug|Any CPU
		{642AB9D5-BEF4-4F86-A099-2F9AEEDAB862}.Release|Any CPU.ActiveCfg = Release|Any CPU
		{642AB9D5-BEF4-4F86-A099-2F9AEEDAB862}.Release|Any CPU.Build.0 = Release|Any CPU
		{19384479-B39D-46AC-BD28-9E1C4E673761}.Debug|Any CPU.ActiveCfg = Debug|Any CPU
		{19384479-B39D-46AC-BD28-9E1C4E673761}.Debug|Any CPU.Build.0 = Debug|Any CPU
		{19384479-B39D-46AC-BD28-9E1C4E673761}.Release|Any CPU.ActiveCfg = Release|Any CPU
		{19384479-B39D-46AC-BD28-9E1C4E673761}.Release|Any CPU.Build.0 = Release|Any CPU
		{EA60A88B-0BD2-4288-86FF-717CF7119A7A}.Debug|Any CPU.ActiveCfg = Debug|Any CPU
		{EA60A88B-0BD2-4288-86FF-717CF7119A7A}.Debug|Any CPU.Build.0 = Debug|Any CPU
		{EA60A88B-0BD2-4288-86FF-717CF7119A7A}.Release|Any CPU.ActiveCfg = Release|Any CPU
		{EA60A88B-0BD2-4288-86FF-717CF7119A7A}.Release|Any CPU.Build.0 = Release|Any CPU
		{69950212-69EC-412E-8850-ABE2BC6AF156}.Debug|Any CPU.ActiveCfg = Debug|Any CPU
		{69950212-69EC-412E-8850-ABE2BC6AF156}.Debug|Any CPU.Build.0 = Debug|Any CPU
		{69950212-69EC-412E-8850-ABE2BC6AF156}.Release|Any CPU.ActiveCfg = Release|Any CPU
		{69950212-69EC-412E-8850-ABE2BC6AF156}.Release|Any CPU.Build.0 = Release|Any CPU
		{70BAE966-65CC-4964-AF42-FDD849DA45A0}.Debug|Any CPU.ActiveCfg = Debug|Any CPU
		{70BAE966-65CC-4964-AF42-FDD849DA45A0}.Debug|Any CPU.Build.0 = Debug|Any CPU
		{70BAE966-65CC-4964-AF42-FDD849DA45A0}.Release|Any CPU.ActiveCfg = Release|Any CPU
		{70BAE966-65CC-4964-AF42-FDD849DA45A0}.Release|Any CPU.Build.0 = Release|Any CPU
		{20010D4F-A866-443A-8C6F-8CBC4AAD2184}.Debug|Any CPU.ActiveCfg = Debug|Any CPU
		{20010D4F-A866-443A-8C6F-8CBC4AAD2184}.Debug|Any CPU.Build.0 = Debug|Any CPU
		{20010D4F-A866-443A-8C6F-8CBC4AAD2184}.Release|Any CPU.ActiveCfg = Release|Any CPU
		{20010D4F-A866-443A-8C6F-8CBC4AAD2184}.Release|Any CPU.Build.0 = Release|Any CPU
		{D97983AA-BB49-416A-8CB6-F285A80F0EDA}.Debug|Any CPU.ActiveCfg = Debug|Any CPU
		{D97983AA-BB49-416A-8CB6-F285A80F0EDA}.Debug|Any CPU.Build.0 = Debug|Any CPU
		{D97983AA-BB49-416A-8CB6-F285A80F0EDA}.Release|Any CPU.ActiveCfg = Release|Any CPU
		{D97983AA-BB49-416A-8CB6-F285A80F0EDA}.Release|Any CPU.Build.0 = Release|Any CPU
		{FF06DA39-FC08-4A77-9151-49650BAD072E}.Debug|Any CPU.ActiveCfg = Debug|Any CPU
		{FF06DA39-FC08-4A77-9151-49650BAD072E}.Debug|Any CPU.Build.0 = Debug|Any CPU
		{FF06DA39-FC08-4A77-9151-49650BAD072E}.Release|Any CPU.ActiveCfg = Release|Any CPU
		{FF06DA39-FC08-4A77-9151-49650BAD072E}.Release|Any CPU.Build.0 = Release|Any CPU
		{ACD83E12-B9F2-4F98-BBBD-BB7FB5A77823}.Debug|Any CPU.ActiveCfg = Debug|Any CPU
		{ACD83E12-B9F2-4F98-BBBD-BB7FB5A77823}.Debug|Any CPU.Build.0 = Debug|Any CPU
		{ACD83E12-B9F2-4F98-BBBD-BB7FB5A77823}.Release|Any CPU.ActiveCfg = Release|Any CPU
		{ACD83E12-B9F2-4F98-BBBD-BB7FB5A77823}.Release|Any CPU.Build.0 = Release|Any CPU
	EndGlobalSection
	GlobalSection(SolutionProperties) = preSolution
		HideSolutionNode = FALSE
	EndGlobalSection
	GlobalSection(NestedProjects) = preSolution
		{47090013-4876-4D53-B8F4-270007149253} = {1C539076-FC83-4B1A-8E87-57B1738998F4}
		{5922A159-16FD-4EB8-90EF-B85C9AABC254} = {1C539076-FC83-4B1A-8E87-57B1738998F4}
		{C0C354AB-4FB8-44DA-B317-ECD32F1BB4B4} = {1C539076-FC83-4B1A-8E87-57B1738998F4}
		{BE0BF02C-77B7-47CB-B54D-9A50D6A81905} = {47090013-4876-4D53-B8F4-270007149253}
		{13574C47-90E4-42CD-A5E6-A804899A40B2} = {47090013-4876-4D53-B8F4-270007149253}
		{D54BD17E-1D01-400A-8A84-058AEDA5876C} = {5922A159-16FD-4EB8-90EF-B85C9AABC254}
		{828D1DA7-43F5-47F0-991D-5E54F9E58578} = {5922A159-16FD-4EB8-90EF-B85C9AABC254}
		{2A984E3F-1F9C-45A0-AD4E-9A30DB69DEC7} = {C0C354AB-4FB8-44DA-B317-ECD32F1BB4B4}
		{366CDC7D-B319-46CB-9C20-22DFCD003FB7} = {C0C354AB-4FB8-44DA-B317-ECD32F1BB4B4}
		{94E09C4F-7A2F-4DDE-B555-9B75CACBB72D} = {366CDC7D-B319-46CB-9C20-22DFCD003FB7}
		{642AB9D5-BEF4-4F86-A099-2F9AEEDAB862} = {94E09C4F-7A2F-4DDE-B555-9B75CACBB72D}
		{A1AD8EC2-F652-4025-98AC-6AE5EF3908BD} = {366CDC7D-B319-46CB-9C20-22DFCD003FB7}
		{19384479-B39D-46AC-BD28-9E1C4E673761} = {A1AD8EC2-F652-4025-98AC-6AE5EF3908BD}
		{CD6229F2-30C5-45F6-A029-F316992EED81} = {366CDC7D-B319-46CB-9C20-22DFCD003FB7}
		{978BEFD7-BD8A-434D-A9F7-4EDBB08739DC} = {366CDC7D-B319-46CB-9C20-22DFCD003FB7}
		{EA60A88B-0BD2-4288-86FF-717CF7119A7A} = {978BEFD7-BD8A-434D-A9F7-4EDBB08739DC}
		{69950212-69EC-412E-8850-ABE2BC6AF156} = {CD6229F2-30C5-45F6-A029-F316992EED81}
		{B8DE68EB-6969-4D13-B2E7-9A2459FD6037} = {366CDC7D-B319-46CB-9C20-22DFCD003FB7}
		{70BAE966-65CC-4964-AF42-FDD849DA45A0} = {B8DE68EB-6969-4D13-B2E7-9A2459FD6037}
		{632C8475-CE1B-412E-8BB6-9DFAB76D73F9} = {366CDC7D-B319-46CB-9C20-22DFCD003FB7}
		{20010D4F-A866-443A-8C6F-8CBC4AAD2184} = {632C8475-CE1B-412E-8BB6-9DFAB76D73F9}
		{7EAC8759-5B7E-4624-9149-46D37B804158} = {366CDC7D-B319-46CB-9C20-22DFCD003FB7}
		{D97983AA-BB49-416A-8CB6-F285A80F0EDA} = {7EAC8759-5B7E-4624-9149-46D37B804158}
		{8898E24E-CFA8-4EE8-B10E-A90E910327F0} = {C0C354AB-4FB8-44DA-B317-ECD32F1BB4B4}
		{FF06DA39-FC08-4A77-9151-49650BAD072E} = {8898E24E-CFA8-4EE8-B10E-A90E910327F0}
		{ACD83E12-B9F2-4F98-BBBD-BB7FB5A77823} = {47090013-4876-4D53-B8F4-270007149253}
	EndGlobalSection
	GlobalSection(ExtensibilityGlobals) = postSolution
		SolutionGuid = {99ED8271-16AA-40AF-846A-F801650A331A}
	EndGlobalSection
EndGlobal
