
Microsoft Visual Studio Solution File, Format Version 12.00
# Visual Studio Version 17
VisualStudioVersion = 17.8.34330.188
MinimumVisualStudioVersion = 10.0.40219.1
Project("{2150E333-8FDC-42A3-9474-1A3956D46DE8}") = "src", "src", "{1C539076-FC83-4B1A-8E87-57B1738998F4}"
EndProject
Project("{2150E333-8FDC-42A3-9474-1A3956D46DE8}") = "Core", "Core", "{47090013-4876-4D53-B8F4-270007149253}"
EndProject
Project("{2150E333-8FDC-42A3-9474-1A3956D46DE8}") = "Infrastructure", "Infrastructure", "{5922A159-16FD-4EB8-90EF-B85C9AABC254}"
EndProject
Project("{2150E333-8FDC-42A3-9474-1A3956D46DE8}") = "Presentation", "Presentation", "{C0C354AB-4FB8-44DA-B317-ECD32F1BB4B4}"
EndProject
Project("{9A19103F-16F7-4668-BE54-9A1E7A4F7556}") = "TK_Project.Application", "src\Core\TK_Project.Application\TK_Project.Application.csproj", "{BE0BF02C-77B7-47CB-B54D-9A50D6A81905}"
EndProject
Project("{9A19103F-16F7-4668-BE54-9A1E7A4F7556}") = "TK_Project.Domain", "src\Core\TK_Project.Domain\TK_Project.Domain.csproj", "{13574C47-90E4-42CD-A5E6-A804899A40B2}"
EndProject
Project("{9A19103F-16F7-4668-BE54-9A1E7A4F7556}") = "TK_Project.Infrastructure", "src\Infrastructure\TK_Project.Infrastructure\TK_Project.Infrastructure.csproj", "{D54BD17E-1D01-400A-8A84-058AEDA5876C}"
EndProject
Project("{9A19103F-16F7-4668-BE54-9A1E7A4F7556}") = "TK_Project.Persistance", "src\Infrastructure\TK_Project.Persistance\TK_Project.Persistance.csproj", "{828D1DA7-43F5-47F0-991D-5E54F9E58578}"
EndProject
Project("{9A19103F-16F7-4668-BE54-9A1E7A4F7556}") = "TK_Project.WebAPI", "src\Presentation\TK_Project.WebAPI\TK_Project.WebAPI.csproj", "{0AF4DB29-E9D8-4271-8A28-A319F2C098E7}"
EndProject
Project("{9A19103F-16F7-4668-BE54-9A1E7A4F7556}") = "TK_Project.WebUI", "src\Presentation\TK_Project.WebUI\TK_Project.WebUI.csproj", "{2A984E3F-1F9C-45A0-AD4E-9A30DB69DEC7}"
EndProject
Global
	GlobalSection(SolutionConfigurationPlatforms) = preSolution
		Debug|Any CPU = Debug|Any CPU
		Release|Any CPU = Release|Any CPU
	EndGlobalSection
	GlobalSection(ProjectConfigurationPlatforms) = postSolution
		{BE0BF02C-77B7-47CB-B54D-9A50D6A81905}.Debug|Any CPU.ActiveCfg = Debug|Any CPU
		{BE0BF02C-77B7-47CB-B54D-9A50D6A81905}.Debug|Any CPU.Build.0 = Debug|Any CPU
		{BE0BF02C-77B7-47CB-B54D-9A50D6A81905}.Release|Any CPU.ActiveCfg = Release|Any CPU
		{BE0BF02C-77B7-47CB-B54D-9A50D6A81905}.Release|Any CPU.Build.0 = Release|Any CPU
		{13574C47-90E4-42CD-A5E6-A804899A40B2}.Debug|Any CPU.ActiveCfg = Debug|Any CPU
		{13574C47-90E4-42CD-A5E6-A804899A40B2}.Debug|Any CPU.Build.0 = Debug|Any CPU
		{13574C47-90E4-42CD-A5E6-A804899A40B2}.Release|Any CPU.ActiveCfg = Release|Any CPU
		{13574C47-90E4-42CD-A5E6-A804899A40B2}.Release|Any CPU.Build.0 = Release|Any CPU
		{D54BD17E-1D01-400A-8A84-058AEDA5876C}.Debug|Any CPU.ActiveCfg = Debug|Any CPU
		{D54BD17E-1D01-400A-8A84-058AEDA5876C}.Debug|Any CPU.Build.0 = Debug|Any CPU
		{D54BD17E-1D01-400A-8A84-058AEDA5876C}.Release|Any CPU.ActiveCfg = Release|Any CPU
		{D54BD17E-1D01-400A-8A84-058AEDA5876C}.Release|Any CPU.Build.0 = Release|Any CPU
		{828D1DA7-43F5-47F0-991D-5E54F9E58578}.Debug|Any CPU.ActiveCfg = Debug|Any CPU
		{828D1DA7-43F5-47F0-991D-5E54F9E58578}.Debug|Any CPU.Build.0 = Debug|Any CPU
		{828D1DA7-43F5-47F0-991D-5E54F9E58578}.Release|Any CPU.ActiveCfg = Release|Any CPU
		{828D1DA7-43F5-47F0-991D-5E54F9E58578}.Release|Any CPU.Build.0 = Release|Any CPU
		{0AF4DB29-E9D8-4271-8A28-A319F2C098E7}.Debug|Any CPU.ActiveCfg = Debug|Any CPU
		{0AF4DB29-E9D8-4271-8A28-A319F2C098E7}.Debug|Any CPU.Build.0 = Debug|Any CPU
		{0AF4DB29-E9D8-4271-8A28-A319F2C098E7}.Release|Any CPU.ActiveCfg = Release|Any CPU
		{0AF4DB29-E9D8-4271-8A28-A319F2C098E7}.Release|Any CPU.Build.0 = Release|Any CPU
		{2A984E3F-1F9C-45A0-AD4E-9A30DB69DEC7}.Debug|Any CPU.ActiveCfg = Debug|Any CPU
		{2A984E3F-1F9C-45A0-AD4E-9A30DB69DEC7}.Debug|Any CPU.Build.0 = Debug|Any CPU
		{2A984E3F-1F9C-45A0-AD4E-9A30DB69DEC7}.Release|Any CPU.ActiveCfg = Release|Any CPU
		{2A984E3F-1F9C-45A0-AD4E-9A30DB69DEC7}.Release|Any CPU.Build.0 = Release|Any CPU
	EndGlobalSection
	GlobalSection(SolutionProperties) = preSolution
		HideSolutionNode = FALSE
	EndGlobalSection
	GlobalSection(NestedProjects) = preSolution
		{47090013-4876-4D53-B8F4-270007149253} = {1C539076-FC83-4B1A-8E87-57B1738998F4}
		{5922A159-16FD-4EB8-90EF-B85C9AABC254} = {1C539076-FC83-4B1A-8E87-57B1738998F4}
		{C0C354AB-4FB8-44DA-B317-ECD32F1BB4B4} = {1C539076-FC83-4B1A-8E87-57B1738998F4}
		{BE0BF02C-77B7-47CB-B54D-9A50D6A81905} = {47090013-4876-4D53-B8F4-270007149253}
		{13574C47-90E4-42CD-A5E6-A804899A40B2} = {47090013-4876-4D53-B8F4-270007149253}
		{D54BD17E-1D01-400A-8A84-058AEDA5876C} = {5922A159-16FD-4EB8-90EF-B85C9AABC254}
		{828D1DA7-43F5-47F0-991D-5E54F9E58578} = {5922A159-16FD-4EB8-90EF-B85C9AABC254}
		{0AF4DB29-E9D8-4271-8A28-A319F2C098E7} = {C0C354AB-4FB8-44DA-B317-ECD32F1BB4B4}
		{2A984E3F-1F9C-45A0-AD4E-9A30DB69DEC7} = {C0C354AB-4FB8-44DA-B317-ECD32F1BB4B4}
	EndGlobalSection
	GlobalSection(ExtensibilityGlobals) = postSolution
		SolutionGuid = {99ED8271-16AA-40AF-846A-F801650A331A}
	EndGlobalSection
EndGlobal
